{
  "name": "dungeon-viewer",
  "version": "1.0.0",
  "lockfileVersion": 2,
  "requires": true,
  "packages": {
    "": {
      "name": "dungeon-viewer",
      "version": "1.0.0",
      "dependencies": {
        "@types/dom-webcodecs": "0.1.5",
        "@types/three": "^0.126.1",
        "arg": "^5.0.0",
        "typescript": "^5.0.4"
      }
    },
    "node_modules/@types/dom-webcodecs": {
      "version": "0.1.5",
      "resolved": "https://registry.npmjs.org/@types/dom-webcodecs/-/dom-webcodecs-0.1.5.tgz",
      "integrity": "sha512-dsAE+4ws75W5mmNmIZ7IKZwv4bcz5GgPuA87u+Mk1CeVWB6g7ZwBfizRwBZDeyO12RSxoU3NlRa8jgLYQeSZGg==",
      "license": "MIT"
    },
    "node_modules/@types/three": {
      "version": "0.126.2",
      "resolved": "https://registry.npmjs.org/@types/three/-/three-0.126.2.tgz",
      "integrity": "sha512-6JqTgijtfXcTJik8NtiNxr2L90ex6ElM00qilOGeUcrEsJLOdzLJSIkXHUYS+KPAYQYtRJQKD6XaXds3HjS+gg=="
    },
    "node_modules/arg": {
      "version": "5.0.0",
      "resolved": "https://registry.npmjs.org/arg/-/arg-5.0.0.tgz",
      "integrity": "sha512-4P8Zm2H+BRS+c/xX1LrHw0qKpEhdlZjLCgWy+d78T9vqa2Z2SiD2wMrYuWIAFy5IZUD7nnNXroRttz+0RzlrzQ=="
    },
    "node_modules/typescript": {
      "version": "5.0.4",
      "resolved": "https://registry.npmjs.org/typescript/-/typescript-5.0.4.tgz",
      "integrity": "sha512-cW9T5W9xY37cc+jfEnaUvX91foxtHkza3Nw3wkoF4sSlKn0MONdkdEndig/qPBWXNkmplh3NzayQzCiHM4/hqw==",
      "license": "Apache-2.0",
      "bin": {
        "tsc": "bin/tsc",
        "tsserver": "bin/tsserver"
      },
      "engines": {
        "node": ">=12.20"
      }
    }
  },
  "dependencies": {
    "@types/dom-webcodecs": {
      "version": "0.1.5",
      "resolved": "https://registry.npmjs.org/@types/dom-webcodecs/-/dom-webcodecs-0.1.5.tgz",
      "integrity": "sha512-dsAE+4ws75W5mmNmIZ7IKZwv4bcz5GgPuA87u+Mk1CeVWB6g7ZwBfizRwBZDeyO12RSxoU3NlRa8jgLYQeSZGg=="
    },
    "@types/three": {
      "version": "0.126.2",
      "resolved": "https://registry.npmjs.org/@types/three/-/three-0.126.2.tgz",
      "integrity": "sha512-6JqTgijtfXcTJik8NtiNxr2L90ex6ElM00qilOGeUcrEsJLOdzLJSIkXHUYS+KPAYQYtRJQKD6XaXds3HjS+gg=="
    },
    "arg": {
      "version": "5.0.0",
      "resolved": "https://registry.npmjs.org/arg/-/arg-5.0.0.tgz",
      "integrity": "sha512-4P8Zm2H+BRS+c/xX1LrHw0qKpEhdlZjLCgWy+d78T9vqa2Z2SiD2wMrYuWIAFy5IZUD7nnNXroRttz+0RzlrzQ=="
    },
    "typescript": {
      "version": "5.0.4",
      "resolved": "https://registry.npmjs.org/typescript/-/typescript-5.0.4.tgz",
      "integrity": "sha512-cW9T5W9xY37cc+jfEnaUvX91foxtHkza3Nw3wkoF4sSlKn0MONdkdEndig/qPBWXNkmplh3NzayQzCiHM4/hqw=="
    }
  }
}
