{
  "name": "dungeon-viewer",
  "version": "1.0.0",
  "lockfileVersion": 2,
  "requires": true,
  "packages": {
    "": {
      "version": "1.0.0",
      "dependencies": {
        "@types/emscripten": "^1.39.4",
        "@types/three": "^0.126.1",
        "arg": "^5.0.0",
        "typescript": "^4.2.3"
      }
    },
    "node_modules/@types/emscripten": {
      "version": "1.39.4",
      "resolved": "https://registry.npmjs.org/@types/emscripten/-/emscripten-1.39.4.tgz",
      "integrity": "sha512-k3LLVMFrdNA9UCvMDPWMbFrGPNb+GcPyw29ktJTo1RCN7RmxFG5XzPZcPKRlnLuLT/FRm8wp4ohvDwNY7GlROQ==",
      "license": "MIT"
    },
    "node_modules/@types/three": {
      "version": "0.126.2",
      "resolved": "https://registry.npmjs.org/@types/three/-/three-0.126.2.tgz",
      "integrity": "sha512-6JqTgijtfXcTJik8NtiNxr2L90ex6ElM00qilOGeUcrEsJLOdzLJSIkXHUYS+KPAYQYtRJQKD6XaXds3HjS+gg=="
    },
    "node_modules/arg": {
      "version": "5.0.0",
      "resolved": "https://registry.npmjs.org/arg/-/arg-5.0.0.tgz",
      "integrity": "sha512-4P8Zm2H+BRS+c/xX1LrHw0qKpEhdlZjLCgWy+d78T9vqa2Z2SiD2wMrYuWIAFy5IZUD7nnNXroRttz+0RzlrzQ=="
    },
    "node_modules/typescript": {
      "version": "4.2.3",
      "resolved": "https://registry.npmjs.org/typescript/-/typescript-4.2.3.tgz",
      "integrity": "sha512-qOcYwxaByStAWrBf4x0fibwZvMRG+r4cQoTjbPtUlrWjBHbmCAww1i448U0GJ+3cNNEtebDteo/cHOR3xJ4wEw==",
      "bin": {
        "tsc": "bin/tsc",
        "tsserver": "bin/tsserver"
      },
      "engines": {
        "node": ">=4.2.0"
      }
    }
  },
  "dependencies": {
    "@types/emscripten": {
      "version": "1.39.4",
      "resolved": "https://registry.npmjs.org/@types/emscripten/-/emscripten-1.39.4.tgz",
      "integrity": "sha512-k3LLVMFrdNA9UCvMDPWMbFrGPNb+GcPyw29ktJTo1RCN7RmxFG5XzPZcPKRlnLuLT/FRm8wp4ohvDwNY7GlROQ=="
    },
    "@types/three": {
      "version": "0.126.2",
      "resolved": "https://registry.npmjs.org/@types/three/-/three-0.126.2.tgz",
      "integrity": "sha512-6JqTgijtfXcTJik8NtiNxr2L90ex6ElM00qilOGeUcrEsJLOdzLJSIkXHUYS+KPAYQYtRJQKD6XaXds3HjS+gg=="
    },
    "arg": {
      "version": "5.0.0",
      "resolved": "https://registry.npmjs.org/arg/-/arg-5.0.0.tgz",
      "integrity": "sha512-4P8Zm2H+BRS+c/xX1LrHw0qKpEhdlZjLCgWy+d78T9vqa2Z2SiD2wMrYuWIAFy5IZUD7nnNXroRttz+0RzlrzQ=="
    },
    "typescript": {
      "version": "4.2.3",
      "resolved": "https://registry.npmjs.org/typescript/-/typescript-4.2.3.tgz",
      "integrity": "sha512-qOcYwxaByStAWrBf4x0fibwZvMRG+r4cQoTjbPtUlrWjBHbmCAww1i448U0GJ+3cNNEtebDteo/cHOR3xJ4wEw=="
    }
  }
}
